PODS:
  - alipay_kit (4.0.0):
    - alipay_kit/pay (= 4.0.0)
    - Flutter
  - alipay_kit/pay (4.0.0):
    - Flutter
  - Flutter (1.0.0)

DEPENDENCIES:
  - alipay_kit (from `.symlinks/plugins/alipay_kit/ios`)
  - Flutter (from `Flutter`)

EXTERNAL SOURCES:
  alipay_kit:
    :path: ".symlinks/plugins/alipay_kit/ios"
  Flutter:
    :path: Flutter

SPEC CHECKSUMS:
  alipay_kit: 9cc3a457a787098d19547fb0cf28f85dc7635171
  Flutter: 50d75fe2f02b26cc09d224853bb45737f8b3214a

PODFILE CHECKSUM: cfb60bd91b5c66df313706eb50cbb121bb38b6e3

COCOAPODS: 1.11.2
